
Microsoft Visual Studio Solution File, Format Version 12.00
# Visual Studio Version 16
VisualStudioVersion = 16.0.30804.86
MinimumVisualStudioVersion = 10.0.40219.1
Project("{9A19103F-16F7-4668-BE54-9A1E7A4F7556}") = "AliYunDemo", "AliYunDemo.csproj", "{4DDB00E4-8792-41D8-8D4D-363D92A341E8}"
EndProject
Global
	GlobalSection(SolutionConfigurationPlatforms) = preSolution
		Debug|Any CPU = Debug|Any CPU
		Release|Any CPU = Release|Any CPU
	EndGlobalSection
	GlobalSection(ProjectConfigurationPlatforms) = postSolution
		{4DDB00E4-8792-41D8-8D4D-363D92A341E8}.Debug|Any CPU.ActiveCfg = Debug|Any CPU
		{4DDB00E4-8792-41D8-8D4D-363D92A341E8}.Debug|Any CPU.Build.0 = Debug|Any CPU
		{4DDB00E4-8792-41D8-8D4D-363D92A341E8}.Release|Any CPU.ActiveCfg = Release|Any CPU
		{4DDB00E4-8792-41D8-8D4D-363D92A341E8}.Release|Any CPU.Build.0 = Release|Any CPU
	EndGlobalSection
	GlobalSection(SolutionProperties) = preSolution
		HideSolutionNode = FALSE
	EndGlobalSection
	GlobalSection(ExtensibilityGlobals) = postSolution
		SolutionGuid = {6290935D-7F15-4963-96AE-0F5BA351B1E4}
	EndGlobalSection
EndGlobal
